GEM
  remote: https://rubygems.org/
  specs:
    ast (2.4.3)
    aws-eventstream (1.4.0)
    aws-partitions (1.1174.0)
    aws-sdk-core (3.233.0)
      aws-eventstream (~> 1, >= 1.3.0)
      aws-partitions (~> 1, >= 1.992.0)
      aws-sigv4 (~> 1.9)
      base64
      bigdecimal
      jmespath (~> 1, >= 1.6.1)
      logger
    aws-sdk-kms (1.114.0)
      aws-sdk-core (~> 3, >= 3.231.0)
      aws-sigv4 (~> 1.5)
    aws-sdk-s3 (1.200.0)
      aws-sdk-core (~> 3, >= 3.231.0)
      aws-sdk-kms (~> 1)
      aws-sigv4 (~> 1.5)
    aws-sigv4 (1.12.1)
      aws-eventstream (~> 1, >= 1.0.2)
    base64 (0.3.0)
    bigdecimal (3.3.1)
    binding_of_caller (1.0.1)
      debug_inspector (>= 1.2.0)
    debug_inspector (1.2.0)
    diff-lcs (1.6.2)
    jmespath (1.6.2)
    logger (1.7.0)
    parser (3.3.9.0)
      ast (~> 2.4.1)
      racc
    prism (1.6.0)
    proc_to_ast (0.2.0)
      parser
      rouge
      unparser
    racc (1.8.1)
    rake (13.3.0)
    rexml (3.4.4)
    rouge (4.6.1)
    rspec (3.13.2)
      rspec-core (~> 3.13.0)
      rspec-expectations (~> 3.13.0)
      rspec-mocks (~> 3.13.0)
    rspec-core (3.13.6)
      rspec-support (~> 3.13.0)
    rspec-expectations (3.13.5)
      diff-lcs (>= 1.2.0, < 2.0)
      rspec-support (~> 3.13.0)
    rspec-its (2.0.0)
      rspec-core (>= 3.13.0)
      rspec-expectations (>= 3.13.0)
    rspec-mocks (3.13.6)
      diff-lcs (>= 1.2.0, < 2.0)
      rspec-support (~> 3.13.0)
    rspec-parameterized (2.0.0)
      rspec-parameterized-core (>= 2, < 3)
      rspec-parameterized-table_syntax (>= 2, < 3)
    rspec-parameterized-core (2.0.0)
      parser
      prism
      proc_to_ast (>= 0.2.0)
      rspec (>= 2.13, < 4)
      unparser
    rspec-parameterized-table_syntax (2.0.0)
      binding_of_caller
      rspec-parameterized-core (>= 2, < 3)
    rspec-support (3.13.6)
    unparser (0.8.0)
      diff-lcs (~> 1.6)
      parser (>= 3.3.0)
      prism (>= 1.4)

PLATFORMS
  arm64-darwin-25
  ruby

DEPENDENCIES
  aws-sdk-s3 (~> 1.0)
  rake (~> 13.0)
  rexml
  rspec (~> 3.0)
  rspec-its
  rspec-mocks
  rspec-parameterized

RUBY VERSION
   ruby 3.3.9p170

BUNDLED WITH
   2.5.22
